
Microsoft Visual Studio Solution File, Format Version 12.00
# Visual Studio 15
VisualStudioVersion = 15.0.27004.2005
MinimumVisualStudioVersion = 10.0.40219.1
Project("{FAE04EC0-301F-11D3-BF4B-00C04F79EFBC}") = "Ng4Core1Auth", "Ng4Core1Auth\Ng4Core1Auth.csproj", "{F7566D60-A2E7-4752-9249-D9CCD512224C}"
EndProject
Global
	GlobalSection(SolutionConfigurationPlatforms) = preSolution
		Debug|Any CPU = Debug|Any CPU
		Release|Any CPU = Release|Any CPU
	EndGlobalSection
	GlobalSection(ProjectConfigurationPlatforms) = postSolution
		{F7566D60-A2E7-4752-9249-D9CCD512224C}.Debug|Any CPU.ActiveCfg = Debug|Any CPU
		{F7566D60-A2E7-4752-9249-D9CCD512224C}.Debug|Any CPU.Build.0 = Debug|Any CPU
		{F7566D60-A2E7-4752-9249-D9CCD512224C}.Release|Any CPU.ActiveCfg = Release|Any CPU
		{F7566D60-A2E7-4752-9249-D9CCD512224C}.Release|Any CPU.Build.0 = Release|Any CPU
	EndGlobalSection
	GlobalSection(SolutionProperties) = preSolution
		HideSolutionNode = FALSE
	EndGlobalSection
	GlobalSection(ExtensibilityGlobals) = postSolution
		SolutionGuid = {56A467DF-B623-466E-ACB6-C87AA1155FE7}
	EndGlobalSection
EndGlobal
